// !$*UTF8*$!
{
	archiveVersion = 1;
	classes = {
	};
	objectVersion = 50;
	objects = {

/* Begin PBXBuildFile section */
		511561A4E97BFE55C94A6BA3 /* Pods_Reverse_words.framework in Frameworks */ = {isa = PBXBuildFile; fileRef = 93DC99523FCCF26D42D54C59 /* Pods_Reverse_words.framework */; };
		F44C09872767C6C900526E1B /* SFUIDisplay-Regular.ttf in Resources */ = {isa = PBXBuildFile; fileRef = F44C09862767C6C900526E1B /* SFUIDisplay-Regular.ttf */; };
		F44C09892767C85B00526E1B /* SFUIDisplay-Bold.ttf in Resources */ = {isa = PBXBuildFile; fileRef = F44C09882767C85B00526E1B /* SFUIDisplay-Bold.ttf */; };
		F4555FCA2789BA2B00EB419A /* ReverseWordsUITests.swift in Sources */ = {isa = PBXBuildFile; fileRef = F4555FC92789BA2B00EB419A /* ReverseWordsUITests.swift */; };
		F4762FE02767694000B6057A /* AppDelegate.swift in Sources */ = {isa = PBXBuildFile; fileRef = F4762FDF2767694000B6057A /* AppDelegate.swift */; };
		F4762FE22767694000B6057A /* SceneDelegate.swift in Sources */ = {isa = PBXBuildFile; fileRef = F4762FE12767694000B6057A /* SceneDelegate.swift */; };
		F4762FE72767694000B6057A /* Main.storyboard in Resources */ = {isa = PBXBuildFile; fileRef = F4762FE52767694000B6057A /* Main.storyboard */; };
		F4762FE92767694500B6057A /* Assets.xcassets in Resources */ = {isa = PBXBuildFile; fileRef = F4762FE82767694500B6057A /* Assets.xcassets */; };
		F49DEC152794451300E54428 /* AppConstants.swift in Sources */ = {isa = PBXBuildFile; fileRef = F49DEC142794451300E54428 /* AppConstants.swift */; };
		F49DEC1727945E2F00E54428 /* SeparatorView.swift in Sources */ = {isa = PBXBuildFile; fileRef = F49DEC1627945E2F00E54428 /* SeparatorView.swift */; };
		F49DEC19279469FB00E54428 /* ReverseButton.swift in Sources */ = {isa = PBXBuildFile; fileRef = F49DEC18279469FB00E54428 /* ReverseButton.swift */; };
		F49DEC1D279C3EC900E54428 /* RulesSegmentControl.swift in Sources */ = {isa = PBXBuildFile; fileRef = F49DEC1C279C3EC900E54428 /* RulesSegmentControl.swift */; };
		F49DEC23279C905900E54428 /* RulesConstants.swift in Sources */ = {isa = PBXBuildFile; fileRef = F49DEC22279C905900E54428 /* RulesConstants.swift */; };
		F49DEC27279D9D2000E54428 /* ReverseWordsTextField.swift in Sources */ = {isa = PBXBuildFile; fileRef = F49DEC26279D9D2000E54428 /* ReverseWordsTextField.swift */; };
		F4CF007327848CA9004EE01A /* ColorsConstants.swift in Sources */ = {isa = PBXBuildFile; fileRef = F4CF007227848CA9004EE01A /* ColorsConstants.swift */; };
		F4CF00752784921B004EE01A /* FontConstants.swift in Sources */ = {isa = PBXBuildFile; fileRef = F4CF00742784921B004EE01A /* FontConstants.swift */; };
		F4CF0077278494CD004EE01A /* SizeConstants.swift in Sources */ = {isa = PBXBuildFile; fileRef = F4CF0076278494CD004EE01A /* SizeConstants.swift */; };
		F4CF007B2785E934004EE01A /* ReverseWordsView.swift in Sources */ = {isa = PBXBuildFile; fileRef = F4CF007A2785E934004EE01A /* ReverseWordsView.swift */; };
		F4CF007D2785E954004EE01A /* ReverseWordsController.swift in Sources */ = {isa = PBXBuildFile; fileRef = F4CF007C2785E954004EE01A /* ReverseWordsController.swift */; };
		F4CF00B427884518004EE01A /* ReverseWordsModelTests.swift in Sources */ = {isa = PBXBuildFile; fileRef = F4CF00B327884518004EE01A /* ReverseWordsModelTests.swift */; };
		F4EC90072769A9DF00B05BD2 /* SFUIDisplay-Semibold.ttf in Resources */ = {isa = PBXBuildFile; fileRef = F4EC90062769A9DF00B05BD2 /* SFUIDisplay-Semibold.ttf */; };
		F4EC900A276B34D600B05BD2 /* ReverseWordsModel.swift in Sources */ = {isa = PBXBuildFile; fileRef = F4EC9009276B34D600B05BD2 /* ReverseWordsModel.swift */; };
		F4EC9015276DE23700B05BD2 /* Launch Screen.storyboard in Resources */ = {isa = PBXBuildFile; fileRef = F4EC9014276DE23700B05BD2 /* Launch Screen.storyboard */; };
/* End PBXBuildFile section */

/* Begin PBXContainerItemProxy section */
		F4555FCC2789BA2B00EB419A /* PBXContainerItemProxy */ = {
			isa = PBXContainerItemProxy;
			containerPortal = F4762FD42767694000B6057A /* Project object */;
			proxyType = 1;
			remoteGlobalIDString = F4762FDB2767694000B6057A;
			remoteInfo = "Reverse words";
		};
		F4CF00B627884518004EE01A /* PBXContainerItemProxy */ = {
			isa = PBXContainerItemProxy;
			containerPortal = F4762FD42767694000B6057A /* Project object */;
			proxyType = 1;
			remoteGlobalIDString = F4762FDB2767694000B6057A;
			remoteInfo = "Reverse words";
		};
/* End PBXContainerItemProxy section */

/* Begin PBXFileReference section */
		93DC99523FCCF26D42D54C59 /* Pods_Reverse_words.framework */ = {isa = PBXFileReference; explicitFileType = wrapper.framework; includeInIndex = 0; path = Pods_Reverse_words.framework; sourceTree = BUILT_PRODUCTS_DIR; };
		9793DC3B76350909CAC725C4 /* Pods-Reverse words.debug.xcconfig */ = {isa = PBXFileReference; includeInIndex = 1; lastKnownFileType = text.xcconfig; name = "Pods-Reverse words.debug.xcconfig"; path = "Target Support Files/Pods-Reverse words/Pods-Reverse words.debug.xcconfig"; sourceTree = "<group>"; };
		E8CA15178952ACE8C8862265 /* Pods-Reverse words.release.xcconfig */ = {isa = PBXFileReference; includeInIndex = 1; lastKnownFileType = text.xcconfig; name = "Pods-Reverse words.release.xcconfig"; path = "Target Support Files/Pods-Reverse words/Pods-Reverse words.release.xcconfig"; sourceTree = "<group>"; };
		F44C09862767C6C900526E1B /* SFUIDisplay-Regular.ttf */ = {isa = PBXFileReference; lastKnownFileType = file; path = "SFUIDisplay-Regular.ttf"; sourceTree = "<group>"; };
		F44C09882767C85B00526E1B /* SFUIDisplay-Bold.ttf */ = {isa = PBXFileReference; lastKnownFileType = file; path = "SFUIDisplay-Bold.ttf"; sourceTree = "<group>"; };
		F4555FC72789BA2B00EB419A /* ReverseWordsUITests.xctest */ = {isa = PBXFileReference; explicitFileType = wrapper.cfbundle; includeInIndex = 0; path = ReverseWordsUITests.xctest; sourceTree = BUILT_PRODUCTS_DIR; };
		F4555FC92789BA2B00EB419A /* ReverseWordsUITests.swift */ = {isa = PBXFileReference; lastKnownFileType = sourcecode.swift; path = ReverseWordsUITests.swift; sourceTree = "<group>"; };
		F4555FCB2789BA2B00EB419A /* Info.plist */ = {isa = PBXFileReference; lastKnownFileType = text.plist.xml; path = Info.plist; sourceTree = "<group>"; };
		F4762FDC2767694000B6057A /* Reverse words.app */ = {isa = PBXFileReference; explicitFileType = wrapper.application; includeInIndex = 0; path = "Reverse words.app"; sourceTree = BUILT_PRODUCTS_DIR; };
		F4762FDF2767694000B6057A /* AppDelegate.swift */ = {isa = PBXFileReference; lastKnownFileType = sourcecode.swift; path = AppDelegate.swift; sourceTree = "<group>"; };
		F4762FE12767694000B6057A /* SceneDelegate.swift */ = {isa = PBXFileReference; lastKnownFileType = sourcecode.swift; path = SceneDelegate.swift; sourceTree = "<group>"; };
		F4762FE62767694000B6057A /* Base */ = {isa = PBXFileReference; lastKnownFileType = file.storyboard; name = Base; path = Base.lproj/Main.storyboard; sourceTree = "<group>"; };
		F4762FE82767694500B6057A /* Assets.xcassets */ = {isa = PBXFileReference; lastKnownFileType = folder.assetcatalog; path = Assets.xcassets; sourceTree = "<group>"; };
		F4762FED2767694500B6057A /* Info.plist */ = {isa = PBXFileReference; lastKnownFileType = text.plist.xml; path = Info.plist; sourceTree = "<group>"; };
		F49DEC142794451300E54428 /* AppConstants.swift */ = {isa = PBXFileReference; lastKnownFileType = sourcecode.swift; path = AppConstants.swift; sourceTree = "<group>"; };
		F49DEC1627945E2F00E54428 /* SeparatorView.swift */ = {isa = PBXFileReference; lastKnownFileType = sourcecode.swift; path = SeparatorView.swift; sourceTree = "<group>"; };
		F49DEC18279469FB00E54428 /* ReverseButton.swift */ = {isa = PBXFileReference; lastKnownFileType = sourcecode.swift; path = ReverseButton.swift; sourceTree = "<group>"; };
		F49DEC1C279C3EC900E54428 /* RulesSegmentControl.swift */ = {isa = PBXFileReference; lastKnownFileType = sourcecode.swift; path = RulesSegmentControl.swift; sourceTree = "<group>"; };
		F49DEC22279C905900E54428 /* RulesConstants.swift */ = {isa = PBXFileReference; lastKnownFileType = sourcecode.swift; path = RulesConstants.swift; sourceTree = "<group>"; };
		F49DEC26279D9D2000E54428 /* ReverseWordsTextField.swift */ = {isa = PBXFileReference; lastKnownFileType = sourcecode.swift; path = ReverseWordsTextField.swift; sourceTree = "<group>"; };
		F4CF007227848CA9004EE01A /* ColorsConstants.swift */ = {isa = PBXFileReference; lastKnownFileType = sourcecode.swift; path = ColorsConstants.swift; sourceTree = "<group>"; };
		F4CF00742784921B004EE01A /* FontConstants.swift */ = {isa = PBXFileReference; lastKnownFileType = sourcecode.swift; path = FontConstants.swift; sourceTree = "<group>"; };
		F4CF0076278494CD004EE01A /* SizeConstants.swift */ = {isa = PBXFileReference; lastKnownFileType = sourcecode.swift; path = SizeConstants.swift; sourceTree = "<group>"; };
		F4CF007A2785E934004EE01A /* ReverseWordsView.swift */ = {isa = PBXFileReference; lastKnownFileType = sourcecode.swift; path = ReverseWordsView.swift; sourceTree = "<group>"; };
		F4CF007C2785E954004EE01A /* ReverseWordsController.swift */ = {isa = PBXFileReference; lastKnownFileType = sourcecode.swift; path = ReverseWordsController.swift; sourceTree = "<group>"; };
		F4CF00B127884518004EE01A /* ReverseWordsTests.xctest */ = {isa = PBXFileReference; explicitFileType = wrapper.cfbundle; includeInIndex = 0; path = ReverseWordsTests.xctest; sourceTree = BUILT_PRODUCTS_DIR; };
		F4CF00B327884518004EE01A /* ReverseWordsModelTests.swift */ = {isa = PBXFileReference; lastKnownFileType = sourcecode.swift; path = ReverseWordsModelTests.swift; sourceTree = "<group>"; };
		F4CF00B527884518004EE01A /* Info.plist */ = {isa = PBXFileReference; lastKnownFileType = text.plist.xml; path = Info.plist; sourceTree = "<group>"; };
		F4EC90062769A9DF00B05BD2 /* SFUIDisplay-Semibold.ttf */ = {isa = PBXFileReference; lastKnownFileType = file; path = "SFUIDisplay-Semibold.ttf"; sourceTree = "<group>"; };
		F4EC9009276B34D600B05BD2 /* ReverseWordsModel.swift */ = {isa = PBXFileReference; lastKnownFileType = sourcecode.swift; path = ReverseWordsModel.swift; sourceTree = "<group>"; };
		F4EC9014276DE23700B05BD2 /* Launch Screen.storyboard */ = {isa = PBXFileReference; lastKnownFileType = file.storyboard; path = "Launch Screen.storyboard"; sourceTree = "<group>"; };
/* End PBXFileReference section */

/* Begin PBXFrameworksBuildPhase section */
		F4555FC42789BA2B00EB419A /* Frameworks */ = {
			isa = PBXFrameworksBuildPhase;
			buildActionMask = 2147483647;
			files = (
			);
			runOnlyForDeploymentPostprocessing = 0;
		};
		F4762FD92767694000B6057A /* Frameworks */ = {
			isa = PBXFrameworksBuildPhase;
			buildActionMask = 2147483647;
			files = (
				511561A4E97BFE55C94A6BA3 /* Pods_Reverse_words.framework in Frameworks */,
			);
			runOnlyForDeploymentPostprocessing = 0;
		};
		F4CF00AE27884518004EE01A /* Frameworks */ = {
			isa = PBXFrameworksBuildPhase;
			buildActionMask = 2147483647;
			files = (
			);
			runOnlyForDeploymentPostprocessing = 0;
		};
/* End PBXFrameworksBuildPhase section */

/* Begin PBXGroup section */
		39A6DBFBC0DBCCB66F336B61 /* Frameworks */ = {
			isa = PBXGroup;
			children = (
				93DC99523FCCF26D42D54C59 /* Pods_Reverse_words.framework */,
			);
			name = Frameworks;
			sourceTree = "<group>";
		};
		A03B8DFF4A9D44D8AECD2277 /* Pods */ = {
			isa = PBXGroup;
			children = (
				9793DC3B76350909CAC725C4 /* Pods-Reverse words.debug.xcconfig */,
				E8CA15178952ACE8C8862265 /* Pods-Reverse words.release.xcconfig */,
			);
			path = Pods;
			sourceTree = "<group>";
		};
		F44C098A2767C9C900526E1B /* Fonts */ = {
			isa = PBXGroup;
			children = (
				F44C09862767C6C900526E1B /* SFUIDisplay-Regular.ttf */,
				F44C09882767C85B00526E1B /* SFUIDisplay-Bold.ttf */,
				F4EC90062769A9DF00B05BD2 /* SFUIDisplay-Semibold.ttf */,
			);
			path = Fonts;
			sourceTree = "<group>";
		};
		F4555FC82789BA2B00EB419A /* ReverseWordsUITests */ = {
			isa = PBXGroup;
			children = (
				F4555FC92789BA2B00EB419A /* ReverseWordsUITests.swift */,
				F4555FCB2789BA2B00EB419A /* Info.plist */,
			);
			path = ReverseWordsUITests;
			sourceTree = "<group>";
		};
		F4762FD32767694000B6057A = {
			isa = PBXGroup;
			children = (
				F4762FDE2767694000B6057A /* Reverse words */,
				F4CF00B227884518004EE01A /* ReverseWordsTests */,
				F4555FC82789BA2B00EB419A /* ReverseWordsUITests */,
				F4762FDD2767694000B6057A /* Products */,
				A03B8DFF4A9D44D8AECD2277 /* Pods */,
				39A6DBFBC0DBCCB66F336B61 /* Frameworks */,
			);
			sourceTree = "<group>";
		};
		F4762FDD2767694000B6057A /* Products */ = {
			isa = PBXGroup;
			children = (
				F4762FDC2767694000B6057A /* Reverse words.app */,
				F4CF00B127884518004EE01A /* ReverseWordsTests.xctest */,
				F4555FC72789BA2B00EB419A /* ReverseWordsUITests.xctest */,
			);
			name = Products;
			sourceTree = "<group>";
		};
		F4762FDE2767694000B6057A /* Reverse words */ = {
			isa = PBXGroup;
			children = (
				F4EC900F276D010B00B05BD2 /* Supporting Files */,
				F4EC900B276CFF9700B05BD2 /* Application */,
				F4EC9010276D014600B05BD2 /* Reverse Words */,
			);
			path = "Reverse words";
			sourceTree = "<group>";
		};
		F4CF007027848C82004EE01A /* Constants */ = {
			isa = PBXGroup;
			children = (
				F49DEC142794451300E54428 /* AppConstants.swift */,
				F4CF007227848CA9004EE01A /* ColorsConstants.swift */,
				F4CF00742784921B004EE01A /* FontConstants.swift */,
				F4CF0076278494CD004EE01A /* SizeConstants.swift */,
				F49DEC22279C905900E54428 /* RulesConstants.swift */,
			);
			path = Constants;
			sourceTree = "<group>";
		};
		F4CF00B227884518004EE01A /* ReverseWordsTests */ = {
			isa = PBXGroup;
			children = (
				F4CF00B327884518004EE01A /* ReverseWordsModelTests.swift */,
				F4CF00B527884518004EE01A /* Info.plist */,
			);
			path = ReverseWordsTests;
			sourceTree = "<group>";
		};
		F4EC9008276B349F00B05BD2 /* Model */ = {
			isa = PBXGroup;
			children = (
				F4EC9009276B34D600B05BD2 /* ReverseWordsModel.swift */,
			);
			path = Model;
			sourceTree = "<group>";
		};
		F4EC900B276CFF9700B05BD2 /* Application */ = {
			isa = PBXGroup;
			children = (
				F4762FDF2767694000B6057A /* AppDelegate.swift */,
				F4762FE12767694000B6057A /* SceneDelegate.swift */,
				F4EC900D276D004E00B05BD2 /* View */,
			);
			path = Application;
			sourceTree = "<group>";
		};
		F4EC900D276D004E00B05BD2 /* View */ = {
			isa = PBXGroup;
			children = (
				F4762FE52767694000B6057A /* Main.storyboard */,
				F4EC9014276DE23700B05BD2 /* Launch Screen.storyboard */,
			);
			path = View;
			sourceTree = "<group>";
		};
		F4EC900F276D010B00B05BD2 /* Supporting Files */ = {
			isa = PBXGroup;
			children = (
				F4CF007027848C82004EE01A /* Constants */,
				F44C098A2767C9C900526E1B /* Fonts */,
				F4762FE82767694500B6057A /* Assets.xcassets */,
				F4762FED2767694500B6057A /* Info.plist */,
			);
			path = "Supporting Files";
			sourceTree = "<group>";
		};
		F4EC9010276D014600B05BD2 /* Reverse Words */ = {
			isa = PBXGroup;
			children = (
				F4EC9008276B349F00B05BD2 /* Model */,
				F4EC9012276D01CB00B05BD2 /* View */,
				F4EC9013276D01D200B05BD2 /* Controller */,
			);
			path = "Reverse Words";
			sourceTree = "<group>";
		};
		F4EC9012276D01CB00B05BD2 /* View */ = {
			isa = PBXGroup;
			children = (
				F4CF007A2785E934004EE01A /* ReverseWordsView.swift */,
				F49DEC1627945E2F00E54428 /* SeparatorView.swift */,
				F49DEC18279469FB00E54428 /* ReverseButton.swift */,
				F49DEC1C279C3EC900E54428 /* RulesSegmentControl.swift */,
				F49DEC26279D9D2000E54428 /* ReverseWordsTextField.swift */,
			);
			path = View;
			sourceTree = "<group>";
		};
		F4EC9013276D01D200B05BD2 /* Controller */ = {
			isa = PBXGroup;
			children = (
				F4CF007C2785E954004EE01A /* ReverseWordsController.swift */,
			);
			path = Controller;
			sourceTree = "<group>";
		};
/* End PBXGroup section */

/* Begin PBXNativeTarget section */
		F4555FC62789BA2B00EB419A /* ReverseWordsUITests */ = {
			isa = PBXNativeTarget;
			buildConfigurationList = F4555FD02789BA2B00EB419A /* Build configuration list for PBXNativeTarget "ReverseWordsUITests" */;
			buildPhases = (
				F4555FC32789BA2B00EB419A /* Sources */,
				F4555FC42789BA2B00EB419A /* Frameworks */,
				F4555FC52789BA2B00EB419A /* Resources */,
			);
			buildRules = (
			);
			dependencies = (
				F4555FCD2789BA2B00EB419A /* PBXTargetDependency */,
			);
			name = ReverseWordsUITests;
			productName = ReverseWordsUITests;
			productReference = F4555FC72789BA2B00EB419A /* ReverseWordsUITests.xctest */;
			productType = "com.apple.product-type.bundle.ui-testing";
		};
		F4762FDB2767694000B6057A /* Reverse words */ = {
			isa = PBXNativeTarget;
			buildConfigurationList = F4762FF02767694500B6057A /* Build configuration list for PBXNativeTarget "Reverse words" */;
			buildPhases = (
				F4EC901B276E5BB900B05BD2 /* ShellScript */,
				05EBC20B3376F33C3017C63C /* [CP] Check Pods Manifest.lock */,
				F4762FD82767694000B6057A /* Sources */,
				F4762FD92767694000B6057A /* Frameworks */,
				F4762FDA2767694000B6057A /* Resources */,
			);
			buildRules = (
			);
			dependencies = (
			);
			name = "Reverse words";
			productName = "Reverse words";
			productReference = F4762FDC2767694000B6057A /* Reverse words.app */;
			productType = "com.apple.product-type.application";
		};
		F4CF00B027884518004EE01A /* ReverseWordsTests */ = {
			isa = PBXNativeTarget;
			buildConfigurationList = F4CF00B827884518004EE01A /* Build configuration list for PBXNativeTarget "ReverseWordsTests" */;
			buildPhases = (
				F4CF00AD27884518004EE01A /* Sources */,
				F4CF00AE27884518004EE01A /* Frameworks */,
				F4CF00AF27884518004EE01A /* Resources */,
			);
			buildRules = (
			);
			dependencies = (
				F4CF00B727884518004EE01A /* PBXTargetDependency */,
			);
			name = ReverseWordsTests;
			productName = ReverseWordsTests;
			productReference = F4CF00B127884518004EE01A /* ReverseWordsTests.xctest */;
			productType = "com.apple.product-type.bundle.unit-test";
		};
/* End PBXNativeTarget section */

/* Begin PBXProject section */
		F4762FD42767694000B6057A /* Project object */ = {
			isa = PBXProject;
			attributes = {
				LastSwiftUpdateCheck = 1250;
				LastUpgradeCheck = 1250;
				TargetAttributes = {
					F4555FC62789BA2B00EB419A = {
						CreatedOnToolsVersion = 12.5.1;
						TestTargetID = F4762FDB2767694000B6057A;
					};
					F4762FDB2767694000B6057A = {
						CreatedOnToolsVersion = 12.5.1;
					};
					F4CF00B027884518004EE01A = {
						CreatedOnToolsVersion = 12.5.1;
						TestTargetID = F4762FDB2767694000B6057A;
					};
				};
			};
			buildConfigurationList = F4762FD72767694000B6057A /* Build configuration list for PBXProject "Reverse words" */;
			compatibilityVersion = "Xcode 9.3";
			developmentRegion = en;
			hasScannedForEncodings = 0;
			knownRegions = (
				en,
				Base,
			);
			mainGroup = F4762FD32767694000B6057A;
			productRefGroup = F4762FDD2767694000B6057A /* Products */;
			projectDirPath = "";
			projectRoot = "";
			targets = (
				F4762FDB2767694000B6057A /* Reverse words */,
				F4CF00B027884518004EE01A /* ReverseWordsTests */,
				F4555FC62789BA2B00EB419A /* ReverseWordsUITests */,
			);
		};
/* End PBXProject section */

/* Begin PBXResourcesBuildPhase section */
		F4555FC52789BA2B00EB419A /* Resources */ = {
			isa = PBXResourcesBuildPhase;
			buildActionMask = 2147483647;
			files = (
			);
			runOnlyForDeploymentPostprocessing = 0;
		};
		F4762FDA2767694000B6057A /* Resources */ = {
			isa = PBXResourcesBuildPhase;
			buildActionMask = 2147483647;
			files = (
				F4EC9015276DE23700B05BD2 /* Launch Screen.storyboard in Resources */,
				F4762FE92767694500B6057A /* Assets.xcassets in Resources */,
				F4EC90072769A9DF00B05BD2 /* SFUIDisplay-Semibold.ttf in Resources */,
				F4762FE72767694000B6057A /* Main.storyboard in Resources */,
				F44C09872767C6C900526E1B /* SFUIDisplay-Regular.ttf in Resources */,
				F44C09892767C85B00526E1B /* SFUIDisplay-Bold.ttf in Resources */,
			);
			runOnlyForDeploymentPostprocessing = 0;
		};
		F4CF00AF27884518004EE01A /* Resources */ = {
			isa = PBXResourcesBuildPhase;
			buildActionMask = 2147483647;
			files = (
			);
			runOnlyForDeploymentPostprocessing = 0;
		};
/* End PBXResourcesBuildPhase section */

/* Begin PBXShellScriptBuildPhase section */
		05EBC20B3376F33C3017C63C /* [CP] Check Pods Manifest.lock */ = {
			isa = PBXShellScriptBuildPhase;
			buildActionMask = 2147483647;
			files = (
			);
			inputFileListPaths = (
			);
			inputPaths = (
				"${PODS_PODFILE_DIR_PATH}/Podfile.lock",
				"${PODS_ROOT}/Manifest.lock",
			);
			name = "[CP] Check Pods Manifest.lock";
			outputFileListPaths = (
			);
			outputPaths = (
				"$(DERIVED_FILE_DIR)/Pods-Reverse words-checkManifestLockResult.txt",
			);
			runOnlyForDeploymentPostprocessing = 0;
			shellPath = /bin/sh;
			shellScript = "diff \"${PODS_PODFILE_DIR_PATH}/Podfile.lock\" \"${PODS_ROOT}/Manifest.lock\" > /dev/null\nif [ $? != 0 ] ; then\n    # print error to STDERR\n    echo \"error: The sandbox is not in sync with the Podfile.lock. Run 'pod install' or update your CocoaPods installation.\" >&2\n    exit 1\nfi\n# This output is used by Xcode 'outputs' to avoid re-running this script phase.\necho \"SUCCESS\" > \"${SCRIPT_OUTPUT_FILE_0}\"\n";
			showEnvVarsInLog = 0;
		};
		F4EC901B276E5BB900B05BD2 /* ShellScript */ = {
			isa = PBXShellScriptBuildPhase;
			buildActionMask = 2147483647;
			files = (
			);
			inputFileListPaths = (
			);
			inputPaths = (
			);
			outputFileListPaths = (
			);
			outputPaths = (
			);
			runOnlyForDeploymentPostprocessing = 0;
			shellPath = /bin/sh;
			shellScript = "\"${PODS_ROOT}/SwiftLint/swiftlint\"\n";
		};
/* End PBXShellScriptBuildPhase section */

/* Begin PBXSourcesBuildPhase section */
		F4555FC32789BA2B00EB419A /* Sources */ = {
			isa = PBXSourcesBuildPhase;
			buildActionMask = 2147483647;
			files = (
				F4555FCA2789BA2B00EB419A /* ReverseWordsUITests.swift in Sources */,
			);
			runOnlyForDeploymentPostprocessing = 0;
		};
		F4762FD82767694000B6057A /* Sources */ = {
			isa = PBXSourcesBuildPhase;
			buildActionMask = 2147483647;
			files = (
				F4CF00752784921B004EE01A /* FontConstants.swift in Sources */,
				F49DEC152794451300E54428 /* AppConstants.swift in Sources */,
				F49DEC23279C905900E54428 /* RulesConstants.swift in Sources */,
				F49DEC1727945E2F00E54428 /* SeparatorView.swift in Sources */,
				F49DEC1D279C3EC900E54428 /* RulesSegmentControl.swift in Sources */,
				F4CF007D2785E954004EE01A /* ReverseWordsController.swift in Sources */,
				F49DEC27279D9D2000E54428 /* ReverseWordsTextField.swift in Sources */,
				F4CF007327848CA9004EE01A /* ColorsConstants.swift in Sources */,
				F4762FE02767694000B6057A /* AppDelegate.swift in Sources */,
				F4CF0077278494CD004EE01A /* SizeConstants.swift in Sources */,
				F49DEC19279469FB00E54428 /* ReverseButton.swift in Sources */,
				F4762FE22767694000B6057A /* SceneDelegate.swift in Sources */,
				F4EC900A276B34D600B05BD2 /* ReverseWordsModel.swift in Sources */,
				F4CF007B2785E934004EE01A /* ReverseWordsView.swift in Sources */,
			);
			runOnlyForDeploymentPostprocessing = 0;
		};
		F4CF00AD27884518004EE01A /* Sources */ = {
			isa = PBXSourcesBuildPhase;
			buildActionMask = 2147483647;
			files = (
				F4CF00B427884518004EE01A /* ReverseWordsModelTests.swift in Sources */,
			);
			runOnlyForDeploymentPostprocessing = 0;
		};
/* End PBXSourcesBuildPhase section */

/* Begin PBXTargetDependency section */
		F4555FCD2789BA2B00EB419A /* PBXTargetDependency */ = {
			isa = PBXTargetDependency;
			target = F4762FDB2767694000B6057A /* Reverse words */;
			targetProxy = F4555FCC2789BA2B00EB419A /* PBXContainerItemProxy */;
		};
		F4CF00B727884518004EE01A /* PBXTargetDependency */ = {
			isa = PBXTargetDependency;
			target = F4762FDB2767694000B6057A /* Reverse words */;
			targetProxy = F4CF00B627884518004EE01A /* PBXContainerItemProxy */;
		};
/* End PBXTargetDependency section */

/* Begin PBXVariantGroup section */
		F4762FE52767694000B6057A /* Main.storyboard */ = {
			isa = PBXVariantGroup;
			children = (
				F4762FE62767694000B6057A /* Base */,
			);
			name = Main.storyboard;
			sourceTree = "<group>";
		};
/* End PBXVariantGroup section */

/* Begin XCBuildConfiguration section */
		F4555FCE2789BA2B00EB419A /* Debug */ = {
			isa = XCBuildConfiguration;
			buildSettings = {
				CODE_SIGN_STYLE = Automatic;
				DEVELOPMENT_TEAM = 34XV2JSY5D;
				INFOPLIST_FILE = ReverseWordsUITests/Info.plist;
				LD_RUNPATH_SEARCH_PATHS = (
					"$(inherited)",
					"@executable_path/Frameworks",
					"@loader_path/Frameworks",
				);
				PRODUCT_BUNDLE_IDENTIFIER = "Artem-Shcherban.ReverseWordsUITests";
				PRODUCT_NAME = "$(TARGET_NAME)";
				SWIFT_VERSION = 5.0;
				TARGETED_DEVICE_FAMILY = "1,2";
				TEST_TARGET_NAME = "Reverse words";
			};
			name = Debug;
		};
		F4555FCF2789BA2B00EB419A /* Release */ = {
			isa = XCBuildConfiguration;
			buildSettings = {
				CODE_SIGN_STYLE = Automatic;
				DEVELOPMENT_TEAM = 34XV2JSY5D;
				INFOPLIST_FILE = ReverseWordsUITests/Info.plist;
				LD_RUNPATH_SEARCH_PATHS = (
					"$(inherited)",
					"@executable_path/Frameworks",
					"@loader_path/Frameworks",
				);
				PRODUCT_BUNDLE_IDENTIFIER = "Artem-Shcherban.ReverseWordsUITests";
				PRODUCT_NAME = "$(TARGET_NAME)";
				SWIFT_VERSION = 5.0;
				TARGETED_DEVICE_FAMILY = "1,2";
				TEST_TARGET_NAME = "Reverse words";
			};
			name = Release;
		};
		F4762FEE2767694500B6057A /* Debug */ = {
			isa = XCBuildConfiguration;
			buildSettings = {
				ALWAYS_SEARCH_USER_PATHS = NO;
				CLANG_ANALYZER_NONNULL = YES;
				CLANG_ANALYZER_NUMBER_OBJECT_CONVERSION = YES_AGGRESSIVE;
				CLANG_CXX_LANGUAGE_STANDARD = "gnu++14";
				CLANG_CXX_LIBRARY = "libc++";
				CLANG_ENABLE_MODULES = YES;
				CLANG_ENABLE_OBJC_ARC = YES;
				CLANG_ENABLE_OBJC_WEAK = YES;
				CLANG_WARN_BLOCK_CAPTURE_AUTORELEASING = YES;
				CLANG_WARN_BOOL_CONVERSION = YES;
				CLANG_WARN_COMMA = YES;
				CLANG_WARN_CONSTANT_CONVERSION = YES;
				CLANG_WARN_DEPRECATED_OBJC_IMPLEMENTATIONS = YES;
				CLANG_WARN_DIRECT_OBJC_ISA_USAGE = YES_ERROR;
				CLANG_WARN_DOCUMENTATION_COMMENTS = YES;
				CLANG_WARN_EMPTY_BODY = YES;
				CLANG_WARN_ENUM_CONVERSION = YES;
				CLANG_WARN_INFINITE_RECURSION = YES;
				CLANG_WARN_INT_CONVERSION = YES;
				CLANG_WARN_NON_LITERAL_NULL_CONVERSION = YES;
				CLANG_WARN_OBJC_IMPLICIT_RETAIN_SELF = YES;
				CLANG_WARN_OBJC_LITERAL_CONVERSION = YES;
				CLANG_WARN_OBJC_ROOT_CLASS = YES_ERROR;
				CLANG_WARN_QUOTED_INCLUDE_IN_FRAMEWORK_HEADER = YES;
				CLANG_WARN_RANGE_LOOP_ANALYSIS = YES;
				CLANG_WARN_STRICT_PROTOTYPES = YES;
				CLANG_WARN_SUSPICIOUS_MOVE = YES;
				CLANG_WARN_UNGUARDED_AVAILABILITY = YES_AGGRESSIVE;
				CLANG_WARN_UNREACHABLE_CODE = YES;
				CLANG_WARN__DUPLICATE_METHOD_MATCH = YES;
				COPY_PHASE_STRIP = NO;
				DEBUG_INFORMATION_FORMAT = dwarf;
				ENABLE_STRICT_OBJC_MSGSEND = YES;
				ENABLE_TESTABILITY = YES;
				GCC_C_LANGUAGE_STANDARD = gnu11;
				GCC_DYNAMIC_NO_PIC = NO;
				GCC_NO_COMMON_BLOCKS = YES;
				GCC_OPTIMIZATION_LEVEL = 0;
				GCC_PREPROCESSOR_DEFINITIONS = (
					"DEBUG=1",
					"$(inherited)",
				);
				GCC_WARN_64_TO_32_BIT_CONVERSION = YES;
				GCC_WARN_ABOUT_RETURN_TYPE = YES_ERROR;
				GCC_WARN_UNDECLARED_SELECTOR = YES;
				GCC_WARN_UNINITIALIZED_AUTOS = YES_AGGRESSIVE;
				GCC_WARN_UNUSED_FUNCTION = YES;
				GCC_WARN_UNUSED_VARIABLE = YES;
				IPHONEOS_DEPLOYMENT_TARGET = 15.0;
				MTL_ENABLE_DEBUG_INFO = INCLUDE_SOURCE;
				MTL_FAST_MATH = YES;
				ONLY_ACTIVE_ARCH = YES;
				SDKROOT = iphoneos;
				SWIFT_ACTIVE_COMPILATION_CONDITIONS = DEBUG;
				SWIFT_OPTIMIZATION_LEVEL = "-Onone";
			};
			name = Debug;
		};
		F4762FEF2767694500B6057A /* Release */ = {
			isa = XCBuildConfiguration;
			buildSettings = {
				ALWAYS_SEARCH_USER_PATHS = NO;
				CLANG_ANALYZER_NONNULL = YES;
				CLANG_ANALYZER_NUMBER_OBJECT_CONVERSION = YES_AGGRESSIVE;
				CLANG_CXX_LANGUAGE_STANDARD = "gnu++14";
				CLANG_CXX_LIBRARY = "libc++";
				CLANG_ENABLE_MODULES = YES;
				CLANG_ENABLE_OBJC_ARC = YES;
				CLANG_ENABLE_OBJC_WEAK = YES;
				CLANG_WARN_BLOCK_CAPTURE_AUTORELEASING = YES;
				CLANG_WARN_BOOL_CONVERSION = YES;
				CLANG_WARN_COMMA = YES;
				CLANG_WARN_CONSTANT_CONVERSION = YES;
				CLANG_WARN_DEPRECATED_OBJC_IMPLEMENTATIONS = YES;
				CLANG_WARN_DIRECT_OBJC_ISA_USAGE = YES_ERROR;
				CLANG_WARN_DOCUMENTATION_COMMENTS = YES;
				CLANG_WARN_EMPTY_BODY = YES;
				CLANG_WARN_ENUM_CONVERSION = YES;
				CLANG_WARN_INFINITE_RECURSION = YES;
				CLANG_WARN_INT_CONVERSION = YES;
				CLANG_WARN_NON_LITERAL_NULL_CONVERSION = YES;
				CLANG_WARN_OBJC_IMPLICIT_RETAIN_SELF = YES;
				CLANG_WARN_OBJC_LITERAL_CONVERSION = YES;
				CLANG_WARN_OBJC_ROOT_CLASS = YES_ERROR;
				CLANG_WARN_QUOTED_INCLUDE_IN_FRAMEWORK_HEADER = YES;
				CLANG_WARN_RANGE_LOOP_ANALYSIS = YES;
				CLANG_WARN_STRICT_PROTOTYPES = YES;
				CLANG_WARN_SUSPICIOUS_MOVE = YES;
				CLANG_WARN_UNGUARDED_AVAILABILITY = YES_AGGRESSIVE;
				CLANG_WARN_UNREACHABLE_CODE = YES;
				CLANG_WARN__DUPLICATE_METHOD_MATCH = YES;
				COPY_PHASE_STRIP = NO;
				DEBUG_INFORMATION_FORMAT = "dwarf-with-dsym";
				ENABLE_NS_ASSERTIONS = NO;
				ENABLE_STRICT_OBJC_MSGSEND = YES;
				GCC_C_LANGUAGE_STANDARD = gnu11;
				GCC_NO_COMMON_BLOCKS = YES;
				GCC_WARN_64_TO_32_BIT_CONVERSION = YES;
				GCC_WARN_ABOUT_RETURN_TYPE = YES_ERROR;
				GCC_WARN_UNDECLARED_SELECTOR = YES;
				GCC_WARN_UNINITIALIZED_AUTOS = YES_AGGRESSIVE;
				GCC_WARN_UNUSED_FUNCTION = YES;
				GCC_WARN_UNUSED_VARIABLE = YES;
				IPHONEOS_DEPLOYMENT_TARGET = 15.0;
				MTL_ENABLE_DEBUG_INFO = NO;
				MTL_FAST_MATH = YES;
				SDKROOT = iphoneos;
				SWIFT_COMPILATION_MODE = wholemodule;
				SWIFT_OPTIMIZATION_LEVEL = "-O";
				VALIDATE_PRODUCT = YES;
			};
			name = Release;
		};
		F4762FF12767694500B6057A /* Debug */ = {
			isa = XCBuildConfiguration;
			baseConfigurationReference = 9793DC3B76350909CAC725C4 /* Pods-Reverse words.debug.xcconfig */;
			buildSettings = {
				ASSETCATALOG_COMPILER_APPICON_NAME = AppIcon;
				ASSETCATALOG_COMPILER_GLOBAL_ACCENT_COLOR_NAME = AccentColor;
				CODE_SIGN_STYLE = Automatic;
				DEVELOPMENT_TEAM = 34XV2JSY5D;
				INFOPLIST_FILE = "Reverse words/Supporting Files/Info.plist";
				IPHONEOS_DEPLOYMENT_TARGET = 15.0;
				LD_RUNPATH_SEARCH_PATHS = (
					"$(inherited)",
					"@executable_path/Frameworks",
				);
				PRODUCT_BUNDLE_IDENTIFIER = "Artem-Shcherban.Reverse-words";
				PRODUCT_NAME = "$(TARGET_NAME)";
				SWIFT_VERSION = 5.0;
				TARGETED_DEVICE_FAMILY = "1,2";
			};
			name = Debug;
		};
		F4762FF22767694500B6057A /* Release */ = {
			isa = XCBuildConfiguration;
			baseConfigurationReference = E8CA15178952ACE8C8862265 /* Pods-Reverse words.release.xcconfig */;
			buildSettings = {
				ASSETCATALOG_COMPILER_APPICON_NAME = AppIcon;
				ASSETCATALOG_COMPILER_GLOBAL_ACCENT_COLOR_NAME = AccentColor;
				CODE_SIGN_STYLE = Automatic;
				DEVELOPMENT_TEAM = 34XV2JSY5D;
				INFOPLIST_FILE = "Reverse words/Supporting Files/Info.plist";
				IPHONEOS_DEPLOYMENT_TARGET = 15.0;
				LD_RUNPATH_SEARCH_PATHS = (
					"$(inherited)",
					"@executable_path/Frameworks",
				);
				PRODUCT_BUNDLE_IDENTIFIER = "Artem-Shcherban.Reverse-words";
				PRODUCT_NAME = "$(TARGET_NAME)";
				SWIFT_VERSION = 5.0;
				TARGETED_DEVICE_FAMILY = "1,2";
			};
			name = Release;
		};
		F4CF00B927884518004EE01A /* Debug */ = {
			isa = XCBuildConfiguration;
			buildSettings = {
				BUNDLE_LOADER = "$(TEST_HOST)";
				CODE_SIGN_STYLE = Automatic;
				DEVELOPMENT_TEAM = 34XV2JSY5D;
				INFOPLIST_FILE = ReverseWordsTests/Info.plist;
				LD_RUNPATH_SEARCH_PATHS = (
					"$(inherited)",
					"@executable_path/Frameworks",
					"@loader_path/Frameworks",
				);
				PRODUCT_BUNDLE_IDENTIFIER = "Artem-Shcherban.ReverseWordsTests";
				PRODUCT_NAME = "$(TARGET_NAME)";
				SWIFT_VERSION = 5.0;
				TARGETED_DEVICE_FAMILY = "1,2";
				TEST_HOST = "$(BUILT_PRODUCTS_DIR)/Reverse words.app/Reverse words";
			};
			name = Debug;
		};
		F4CF00BA27884518004EE01A /* Release */ = {
			isa = XCBuildConfiguration;
			buildSettings = {
				BUNDLE_LOADER = "$(TEST_HOST)";
				CODE_SIGN_STYLE = Automatic;
				DEVELOPMENT_TEAM = 34XV2JSY5D;
				INFOPLIST_FILE = ReverseWordsTests/Info.plist;
				LD_RUNPATH_SEARCH_PATHS = (
					"$(inherited)",
					"@executable_path/Frameworks",
					"@loader_path/Frameworks",
				);
				PRODUCT_BUNDLE_IDENTIFIER = "Artem-Shcherban.ReverseWordsTests";
				PRODUCT_NAME = "$(TARGET_NAME)";
				SWIFT_VERSION = 5.0;
				TARGETED_DEVICE_FAMILY = "1,2";
				TEST_HOST = "$(BUILT_PRODUCTS_DIR)/Reverse words.app/Reverse words";
			};
			name = Release;
		};
/* End XCBuildConfiguration section */

/* Begin XCConfigurationList section */
		F4555FD02789BA2B00EB419A /* Build configuration list for PBXNativeTarget "ReverseWordsUITests" */ = {
			isa = XCConfigurationList;
			buildConfigurations = (
				F4555FCE2789BA2B00EB419A /* Debug */,
				F4555FCF2789BA2B00EB419A /* Release */,
			);
			defaultConfigurationIsVisible = 0;
			defaultConfigurationName = Release;
		};
		F4762FD72767694000B6057A /* Build configuration list for PBXProject "Reverse words" */ = {
			isa = XCConfigurationList;
			buildConfigurations = (
				F4762FEE2767694500B6057A /* Debug */,
				F4762FEF2767694500B6057A /* Release */,
			);
			defaultConfigurationIsVisible = 0;
			defaultConfigurationName = Release;
		};
		F4762FF02767694500B6057A /* Build configuration list for PBXNativeTarget "Reverse words" */ = {
			isa = XCConfigurationList;
			buildConfigurations = (
				F4762FF12767694500B6057A /* Debug */,
				F4762FF22767694500B6057A /* Release */,
			);
			defaultConfigurationIsVisible = 0;
			defaultConfigurationName = Release;
		};
		F4CF00B827884518004EE01A /* Build configuration list for PBXNativeTarget "ReverseWordsTests" */ = {
			isa = XCConfigurationList;
			buildConfigurations = (
				F4CF00B927884518004EE01A /* Debug */,
				F4CF00BA27884518004EE01A /* Release */,
			);
			defaultConfigurationIsVisible = 0;
			defaultConfigurationName = Release;
		};
/* End XCConfigurationList section */
	};
	rootObject = F4762FD42767694000B6057A /* Project object */;
}
